
Microsoft Visual Studio Solution File, Format Version 12.00
# Visual Studio Version 16
VisualStudioVersion = 16.0.31702.278
MinimumVisualStudioVersion = 10.0.40219.1
Project("{FAE04EC0-301F-11D3-BF4B-00C04F79EFBC}") = "WEB_CW1_SC_ZIHAO LI", "WEB_CW1_SC_ZIHAO LI\WEB_CW1_SC_ZIHAO LI.csproj", "{690A10E8-6382-4B97-A884-6984E24C6423}"
EndProject
Global
	GlobalSection(SolutionConfigurationPlatforms) = preSolution
		Debug|Any CPU = Debug|Any CPU
		Debug|x64 = Debug|x64
		Release|Any CPU = Release|Any CPU
		Release|x64 = Release|x64
	EndGlobalSection
	GlobalSection(ProjectConfigurationPlatforms) = postSolution
		{690A10E8-6382-4B97-A884-6984E24C6423}.Debug|Any CPU.ActiveCfg = Debug|Any CPU
		{690A10E8-6382-4B97-A884-6984E24C6423}.Debug|Any CPU.Build.0 = Debug|Any CPU
		{690A10E8-6382-4B97-A884-6984E24C6423}.Debug|x64.ActiveCfg = Debug|x64
		{690A10E8-6382-4B97-A884-6984E24C6423}.Debug|x64.Build.0 = Debug|x64
		{690A10E8-6382-4B97-A884-6984E24C6423}.Release|Any CPU.ActiveCfg = Release|Any CPU
		{690A10E8-6382-4B97-A884-6984E24C6423}.Release|Any CPU.Build.0 = Release|Any CPU
		{690A10E8-6382-4B97-A884-6984E24C6423}.Release|x64.ActiveCfg = Release|x64
		{690A10E8-6382-4B97-A884-6984E24C6423}.Release|x64.Build.0 = Release|x64
	EndGlobalSection
	GlobalSection(SolutionProperties) = preSolution
		HideSolutionNode = FALSE
	EndGlobalSection
	GlobalSection(ExtensibilityGlobals) = postSolution
		SolutionGuid = {44256C13-799E-4F37-AAC4-6C3A9668D9A0}
	EndGlobalSection
EndGlobal
